
Microsoft Visual Studio Solution File, Format Version 12.00
# Visual Studio Version 16
VisualStudioVersion = 16.0.30320.27
MinimumVisualStudioVersion = 10.0.40219.1
Project("{FAE04EC0-301F-11D3-BF4B-00C04F79EFBC}") = "HW4", "HW4\HW4.csproj", "{ECE2B511-BF70-4EFB-83D8-25295FE7AA49}"
EndProject
Project("{FAE04EC0-301F-11D3-BF4B-00C04F79EFBC}") = "HW4E2", "HW4E2\HW4E2.csproj", "{D8BC56F7-85E8-4760-8CD7-6D688DB2BC8E}"
EndProject
Global
	GlobalSection(SolutionConfigurationPlatforms) = preSolution
		Debug|Any CPU = Debug|Any CPU
		Release|Any CPU = Release|Any CPU
	EndGlobalSection
	GlobalSection(ProjectConfigurationPlatforms) = postSolution
		{ECE2B511-BF70-4EFB-83D8-25295FE7AA49}.Debug|Any CPU.ActiveCfg = Debug|Any CPU
		{ECE2B511-BF70-4EFB-83D8-25295FE7AA49}.Debug|Any CPU.Build.0 = Debug|Any CPU
		{ECE2B511-BF70-4EFB-83D8-25295FE7AA49}.Release|Any CPU.ActiveCfg = Release|Any CPU
		{ECE2B511-BF70-4EFB-83D8-25295FE7AA49}.Release|Any CPU.Build.0 = Release|Any CPU
		{D8BC56F7-85E8-4760-8CD7-6D688DB2BC8E}.Debug|Any CPU.ActiveCfg = Debug|Any CPU
		{D8BC56F7-85E8-4760-8CD7-6D688DB2BC8E}.Debug|Any CPU.Build.0 = Debug|Any CPU
		{D8BC56F7-85E8-4760-8CD7-6D688DB2BC8E}.Release|Any CPU.ActiveCfg = Release|Any CPU
		{D8BC56F7-85E8-4760-8CD7-6D688DB2BC8E}.Release|Any CPU.Build.0 = Release|Any CPU
	EndGlobalSection
	GlobalSection(SolutionProperties) = preSolution
		HideSolutionNode = FALSE
	EndGlobalSection
	GlobalSection(ExtensibilityGlobals) = postSolution
		SolutionGuid = {41143CEE-BE83-441D-85D2-BEEAA4D33324}
	EndGlobalSection
EndGlobal
